github.com/adjust/goautoneg v0.0.0-20150426214442-d788f35a0315 h1:zje9aPr1kQ5nKwjO5MC0S/jehRtNrjfYuLfFRWZH6kY=
github.com/adjust/goautoneg v0.0.0-20150426214442-d788f35a0315/go.mod h1:4U522XvlkqOY2AVBUM7ISHODDb6tdB+KAXfGaBDsWts=
github.com/google/uuid v1.0.0 h1:b4Gk+7WdP/d3HZH8EJsZpvV7EtDOgaZLtnaNGIu1adA=
github.com/google/uuid v1.0.0/go.mod h1:TIyPZe4MgqvfeYDBFedMoGGpEw/LqOeaOT+nhxU+yHo=
github.com/pborman/uuid v1.2.1 h1:+ZZIw58t/ozdjRaXh/3awHfmWRbzYxJoAdNJxe/3pvw=
github.com/pborman/uuid v1.2.1/go.mod h1:X/NO0urCmaxf9VXbdlT7C2Yzkj2IKimNn4k+gtPdI/k=
